
Microsoft Visual Studio Solution File, Format Version 12.00
# Visual Studio Version 17
VisualStudioVersion = 17.1.32421.90
MinimumVisualStudioVersion = 10.0.40219.1
Project("{FAE04EC0-301F-11D3-BF4B-00C04F79EFBC}") = "TechnicalExamEY", "TechnicalExamEY\TechnicalExamEY.csproj", "{13BCA8BA-DDAF-49A0-BE39-8EC8B5CD6CA6}"
EndProject
Global
	GlobalSection(SolutionConfigurationPlatforms) = preSolution
		Debug|Any CPU = Debug|Any CPU
		Release|Any CPU = Release|Any CPU
	EndGlobalSection
	GlobalSection(ProjectConfigurationPlatforms) = postSolution
		{13BCA8BA-DDAF-49A0-BE39-8EC8B5CD6CA6}.Debug|Any CPU.ActiveCfg = Debug|Any CPU
		{13BCA8BA-DDAF-49A0-BE39-8EC8B5CD6CA6}.Debug|Any CPU.Build.0 = Debug|Any CPU
		{13BCA8BA-DDAF-49A0-BE39-8EC8B5CD6CA6}.Release|Any CPU.ActiveCfg = Release|Any CPU
		{13BCA8BA-DDAF-49A0-BE39-8EC8B5CD6CA6}.Release|Any CPU.Build.0 = Release|Any CPU
	EndGlobalSection
	GlobalSection(SolutionProperties) = preSolution
		HideSolutionNode = FALSE
	EndGlobalSection
	GlobalSection(ExtensibilityGlobals) = postSolution
		SolutionGuid = {8B7B2750-369C-4171-8181-3354AFC99BA0}
	EndGlobalSection
EndGlobal
